
Microsoft Visual Studio Solution File, Format Version 12.00
# Visual Studio Version 17
VisualStudioVersion = 17.2.32616.157
MinimumVisualStudioVersion = 10.0.40219.1
Project("{888888A0-9F3D-457C-B088-3A5042F75D52}") = "vhvs", "vhvs.pyproj", "{92D8A243-1CB8-4B73-9736-213F05122FF1}"
EndProject
Global
	GlobalSection(SolutionConfigurationPlatforms) = preSolution
		Debug|Any CPU = Debug|Any CPU
		Release|Any CPU = Release|Any CPU
	EndGlobalSection
	GlobalSection(ProjectConfigurationPlatforms) = postSolution
		{92D8A243-1CB8-4B73-9736-213F05122FF1}.Debug|Any CPU.ActiveCfg = Debug|Any CPU
		{92D8A243-1CB8-4B73-9736-213F05122FF1}.Debug|Any CPU.Build.0 = Debug|Any CPU
		{92D8A243-1CB8-4B73-9736-213F05122FF1}.Release|Any CPU.ActiveCfg = Release|Any CPU
		{92D8A243-1CB8-4B73-9736-213F05122FF1}.Release|Any CPU.Build.0 = Release|Any CPU
	EndGlobalSection
	GlobalSection(SolutionProperties) = preSolution
		HideSolutionNode = FALSE
	EndGlobalSection
	GlobalSection(ExtensibilityGlobals) = postSolution
		SolutionGuid = {286EA3D1-D4FA-4CDD-98E3-475581986574}
	EndGlobalSection
EndGlobal
